<Solution>
  <Folder Name="/1 Web/">
    <Project Path="Web.Api/Web.Api.csproj" Id="0b25566a-e39f-469f-9c62-fab077463e9a" />
    <Project Path="Web.App/Web.App.esproj">
      <Build />
      <Deploy />
    </Project>
  </Folder>
  <Folder Name="/2 Logic/">
    <Project Path="Logic.Administration/Logic.Administration.csproj" Id="9f09cf75-290a-42fd-9e27-062d3ab56b0c" />
    <Project Path="Logic.Authentication/Logic.Authentication.csproj" />
    <Project Path="Logic.Shared/Logic.Shared.csproj" />
    <Project Path="Logic.UserService/Logic.UserService.csproj" Id="11cba5c4-ce8e-4a57-b164-b6492429b406" />
  </Folder>
  <Folder Name="/3 Data/">
    <Project Path="Data.Accessor/Data.Accessor.csproj" Id="97ba7bed-a89c-4b1e-88f6-ef759baf1f07" />
    <Project Path="Data.Database/Data.Database.csproj" Id="1ebf16df-a182-4334-aea2-b46bf6c4d49e" />
  </Folder>
  <Folder Name="/4 Shared/">
    <Project Path="Shared.Enums/Shared.Enums.csproj" Id="e85ccef5-202e-486b-b90b-665940fc124a" />
    <Project Path="Shared.Models/Shared.Models.csproj" Id="1deb551e-dddd-42e3-a2a2-507d687abd83" />
    <Project Path="Shared.Resources/Shared.Resources.csproj" Id="31170ef0-81b0-4afc-8839-90e3a61d239b" />
  </Folder>
  <Folder Name="/5 Tests/" />
</Solution>
