<Solution>
  <Folder Name="/1 Web/">
    <Project Path="Web.Api/Web.Api.csproj" Id="0b25566a-e39f-469f-9c62-fab077463e9a" />
  </Folder>
  <Folder Name="/2 Logic/" />
  <Folder Name="/3 Data/">
    <Project Path="Data.Accessor/Data.Accessor.csproj" Id="97ba7bed-a89c-4b1e-88f6-ef759baf1f07" />
    <Project Path="Data.Database/Data.Database.csproj" Id="1ebf16df-a182-4334-aea2-b46bf6c4d49e" />
  </Folder>
  <Folder Name="/4 Shared/">
    <Project Path="Shared.Enums/Shared.Enums.csproj" Id="e85ccef5-202e-486b-b90b-665940fc124a" />
    <Project Path="Shared.Models/Shared.Models.csproj" Id="1deb551e-dddd-42e3-a2a2-507d687abd83" />
  </Folder>
  <Folder Name="/5 Tests/" />
</Solution>
